Microsoft Visual Studio Solution File, Format Version 11.00
# Visual Studio 2008

Project("{18612C23-D154-0B55-DEC5-26F793C8318B}") = "AmonPlanet", "Assembly-CSharp-vs.csproj", "{80AB40DA-77BB-D333-2FBB-75F035172B63}"
EndProject
Project("{18612C23-D154-0B55-DEC5-26F793C8318B}") = "AmonPlanet", "Assembly-CSharp-Editor-vs.csproj", "{63B67262-B9A4-F9E6-EC99-37BA7CD2A841}"
EndProject
Global
	GlobalSection(SolutionConfigurationPlatforms) = preSolution
		Debug|Any CPU = Debug|Any CPU
		Release|Any CPU = Release|Any CPU
	EndGlobalSection
	GlobalSection(ProjectConfigurationPlatforms) = postSolution
		{80AB40DA-77BB-D333-2FBB-75F035172B63}.Debug|Any CPU.ActiveCfg = Debug|Any CPU
		{80AB40DA-77BB-D333-2FBB-75F035172B63}.Debug|Any CPU.Build.0 = Debug|Any CPU
		{80AB40DA-77BB-D333-2FBB-75F035172B63}.Release|Any CPU.ActiveCfg = Release|Any CPU
		{80AB40DA-77BB-D333-2FBB-75F035172B63}.Release|Any CPU.Build.0 = Release|Any CPU
		{63B67262-B9A4-F9E6-EC99-37BA7CD2A841}.Debug|Any CPU.ActiveCfg = Debug|Any CPU
		{63B67262-B9A4-F9E6-EC99-37BA7CD2A841}.Debug|Any CPU.Build.0 = Debug|Any CPU
		{63B67262-B9A4-F9E6-EC99-37BA7CD2A841}.Release|Any CPU.ActiveCfg = Release|Any CPU
		{63B67262-B9A4-F9E6-EC99-37BA7CD2A841}.Release|Any CPU.Build.0 = Release|Any CPU
	EndGlobalSection
	GlobalSection(SolutionProperties) = preSolution
		HideSolutionNode = FALSE
	EndGlobalSection
																																																																																																																	GlobalSection(MonoDevelopProperties) = preSolution
		StartupItem = Assembly-CSharp.csproj
		Policies = $0
		$0.TextStylePolicy = $1
		$1.inheritsSet = null
		$1.scope = text/x-csharp
		$0.CSharpFormattingPolicy = $2
		$2.inheritsSet = Mono
		$2.inheritsScope = text/x-csharp
		$2.scope = text/x-csharp
		$0.TextStylePolicy = $3
		$3.FileWidth = 120
		$3.TabWidth = 4
		$3.EolMarker = Unix
		$3.inheritsSet = Mono
		$3.inheritsScope = text/plain
		$3.scope = text/plain
	EndGlobalSection

EndGlobal
